{
    "version": 3,
    "terraform_version": "0.11.7",
    "serial": 2,
    "lineage": "8e6cc827-d4d2-8fdd-7c49-7ef162baa316",
    "modules": [
        {
            "path": [
                "root"
            ],
            "outputs": {},
            "resources": {},
            "depends_on": []
        },
        {
            "path": [
                "root",
                "foobar_vpc"
            ],
            "outputs": {
                "created_vpc_id": {
                    "sensitive": false,
                    "type": "string",
                    "value": "vpc-daf1faa3"
                }
            },
            "resources": {
                "aws_vpc.foobar_vpc": {
                    "type": "aws_vpc",
                    "depends_on": [],
                    "primary": {
                        "id": "vpc-daf1faa3",
                        "attributes": {
                            "assign_generated_ipv6_cidr_block": "false",
                            "cidr_block": "10.0.0.0/16",
                            "default_network_acl_id": "acl-49573231",
                            "default_route_table_id": "rtb-bd445ec5",
                            "default_security_group_id": "sg-d0ecada1",
                            "dhcp_options_id": "dopt-78d29b13",
                            "enable_classiclink": "false",
                            "enable_classiclink_dns_support": "false",
                            "enable_dns_hostnames": "false",
                            "enable_dns_support": "true",
                            "id": "vpc-daf1faa3",
                            "instance_tenancy": "default",
                            "main_route_table_id": "rtb-bd445ec5",
                            "tags.%": "0"
                        },
                        "meta": {
                            "schema_version": "1"
                        },
                        "tainted": false
                    },
                    "deposed": [],
                    "provider": "provider.aws"
                }
            },
            "depends_on": []
        }
    ]
}
